// !$*UTF8*$!
{
	archiveVersion = 1;
	classes = {
	};
	objectVersion = 50;
	objects = {

/* Begin PBXBuildFile section */
		C704008B20ABC948000B3983 /* Blockchain+Transactions.swift in Sources */ = {isa = PBXBuildFile; fileRef = C704008A20ABC948000B3983 /* Blockchain+Transactions.swift */; };
		C704009120ABE404000B3983 /* Blockchain+Block.swift in Sources */ = {isa = PBXBuildFile; fileRef = C704009020ABE404000B3983 /* Blockchain+Block.swift */; };
		C75C508D20A8F80800014D60 /* AppDelegate.swift in Sources */ = {isa = PBXBuildFile; fileRef = C75C508C20A8F80800014D60 /* AppDelegate.swift */; };
		C75C508F20A8F80800014D60 /* ViewController.swift in Sources */ = {isa = PBXBuildFile; fileRef = C75C508E20A8F80800014D60 /* ViewController.swift */; };
		C75C509120A8F80900014D60 /* Assets.xcassets in Resources */ = {isa = PBXBuildFile; fileRef = C75C509020A8F80900014D60 /* Assets.xcassets */; };
		C75C509420A8F80900014D60 /* Main.storyboard in Resources */ = {isa = PBXBuildFile; fileRef = C75C509220A8F80900014D60 /* Main.storyboard */; };
		C75C50F520A8FA4A00014D60 /* P2PMessages.swift in Sources */ = {isa = PBXBuildFile; fileRef = C75C50DA20A8FA4900014D60 /* P2PMessages.swift */; };
		C75C50F620A8FA4A00014D60 /* Bonjour+MCSessionDelegate.swift in Sources */ = {isa = PBXBuildFile; fileRef = C75C50DB20A8FA4900014D60 /* Bonjour+MCSessionDelegate.swift */; };
		C75C50F720A8FA4A00014D60 /* Bonjour.swift in Sources */ = {isa = PBXBuildFile; fileRef = C75C50DC20A8FA4900014D60 /* Bonjour.swift */; };
		C75C50F820A8FA4A00014D60 /* Peer.swift in Sources */ = {isa = PBXBuildFile; fileRef = C75C50DD20A8FA4900014D60 /* Peer.swift */; };
		C75C50F920A8FA4A00014D60 /* TxInput.swift in Sources */ = {isa = PBXBuildFile; fileRef = C75C50DF20A8FA4A00014D60 /* TxInput.swift */; };
		C75C50FA20A8FA4A00014D60 /* Transaction.swift in Sources */ = {isa = PBXBuildFile; fileRef = C75C50E020A8FA4A00014D60 /* Transaction.swift */; };
		C75C50FB20A8FA4A00014D60 /* TxOutput.swift in Sources */ = {isa = PBXBuildFile; fileRef = C75C50E120A8FA4A00014D60 /* TxOutput.swift */; };
		C75C50FC20A8FA4A00014D60 /* Account.swift in Sources */ = {isa = PBXBuildFile; fileRef = C75C50E320A8FA4A00014D60 /* Account.swift */; };
		C75C50FD20A8FA4A00014D60 /* Wallet.swift in Sources */ = {isa = PBXBuildFile; fileRef = C75C50E420A8FA4A00014D60 /* Wallet.swift */; };
		C75C50FE20A8FA4A00014D60 /* Block.swift in Sources */ = {isa = PBXBuildFile; fileRef = C75C50E620A8FA4A00014D60 /* Block.swift */; };
		C75C50FF20A8FA4A00014D60 /* Blockchain+Validation.swift in Sources */ = {isa = PBXBuildFile; fileRef = C75C50E720A8FA4A00014D60 /* Blockchain+Validation.swift */; };
		C75C510020A8FA4A00014D60 /* Blockchain.swift in Sources */ = {isa = PBXBuildFile; fileRef = C75C50E820A8FA4A00014D60 /* Blockchain.swift */; };
		C75C510120A8FA4A00014D60 /* Blockchain+Collection.swift in Sources */ = {isa = PBXBuildFile; fileRef = C75C50E920A8FA4A00014D60 /* Blockchain+Collection.swift */; };
		C75C510220A8FA4A00014D60 /* SHA256.swift in Sources */ = {isa = PBXBuildFile; fileRef = C75C50EB20A8FA4A00014D60 /* SHA256.swift */; };
		C75C510320A8FA4A00014D60 /* Key.swift in Sources */ = {isa = PBXBuildFile; fileRef = C75C50EC20A8FA4A00014D60 /* Key.swift */; };
		C75C510420A8FA4A00014D60 /* Array.swift in Sources */ = {isa = PBXBuildFile; fileRef = C75C50EE20A8FA4A00014D60 /* Array.swift */; };
		C75C510520A8FA4A00014D60 /* Data.swift in Sources */ = {isa = PBXBuildFile; fileRef = C75C50EF20A8FA4A00014D60 /* Data.swift */; };
		C75C510620A8FA4A00014D60 /* Error.swift in Sources */ = {isa = PBXBuildFile; fileRef = C75C50F020A8FA4A00014D60 /* Error.swift */; };
		C75C510720A8FA4A00014D60 /* UInt64.swift in Sources */ = {isa = PBXBuildFile; fileRef = C75C50F120A8FA4A00014D60 /* UInt64.swift */; };
		C75C510820A8FA4A00014D60 /* Typealias.swift in Sources */ = {isa = PBXBuildFile; fileRef = C75C50F220A8FA4A00014D60 /* Typealias.swift */; };
		C75C510920A8FA4A00014D60 /* String.swift in Sources */ = {isa = PBXBuildFile; fileRef = C75C50F320A8FA4A00014D60 /* String.swift */; };
		C75C511920A8FC2C00014D60 /* OutputTests.swift in Sources */ = {isa = PBXBuildFile; fileRef = C75C511120A8FC2B00014D60 /* OutputTests.swift */; };
		C75C511A20A8FC2C00014D60 /* BlockTest.swift in Sources */ = {isa = PBXBuildFile; fileRef = C75C511220A8FC2B00014D60 /* BlockTest.swift */; };
		C75C511B20A8FC2C00014D60 /* ConvenienceFunctions.swift in Sources */ = {isa = PBXBuildFile; fileRef = C75C511320A8FC2B00014D60 /* ConvenienceFunctions.swift */; };
		C75C511C20A8FC2C00014D60 /* KeyTests.swift in Sources */ = {isa = PBXBuildFile; fileRef = C75C511420A8FC2B00014D60 /* KeyTests.swift */; };
		C75C511D20A8FC2C00014D60 /* InputTests.swift in Sources */ = {isa = PBXBuildFile; fileRef = C75C511520A8FC2B00014D60 /* InputTests.swift */; };
		C75C511E20A8FC2C00014D60 /* TransactionTests.swift in Sources */ = {isa = PBXBuildFile; fileRef = C75C511620A8FC2B00014D60 /* TransactionTests.swift */; };
		C75C511F20A8FC2C00014D60 /* Sha256Tests.swift in Sources */ = {isa = PBXBuildFile; fileRef = C75C511720A8FC2B00014D60 /* Sha256Tests.swift */; };
		C75C512020A8FC2C00014D60 /* BlockchainTest.swift in Sources */ = {isa = PBXBuildFile; fileRef = C75C511820A8FC2C00014D60 /* BlockchainTest.swift */; };
		C78FB7DC20A910D3003415F6 /* Blockchain+Utxos.swift in Sources */ = {isa = PBXBuildFile; fileRef = C78FB7DB20A910D3003415F6 /* Blockchain+Utxos.swift */; };
		C7FB53CF20AA40CA00474E92 /* TxOutput+UnitTests.swift in Sources */ = {isa = PBXBuildFile; fileRef = C7FB53CE20AA40CA00474E92 /* TxOutput+UnitTests.swift */; };
/* End PBXBuildFile section */

/* Begin PBXContainerItemProxy section */
		C75C509C20A8F80A00014D60 /* PBXContainerItemProxy */ = {
			isa = PBXContainerItemProxy;
			containerPortal = C75C508120A8F80800014D60 /* Project object */;
			proxyType = 1;
			remoteGlobalIDString = C75C508820A8F80800014D60;
			remoteInfo = NaiveSwiftCoinMacOS;
		};
/* End PBXContainerItemProxy section */

/* Begin PBXFileReference section */
		C704008A20ABC948000B3983 /* Blockchain+Transactions.swift */ = {isa = PBXFileReference; lastKnownFileType = sourcecode.swift; path = "Blockchain+Transactions.swift"; sourceTree = "<group>"; };
		C704008C20ABD21F000B3983 /* Transaction+ViewModel.swift */ = {isa = PBXFileReference; lastKnownFileType = sourcecode.swift; path = "Transaction+ViewModel.swift"; sourceTree = "<group>"; };
		C704008E20ABE386000B3983 /* TransactionViewModel.swift */ = {isa = PBXFileReference; lastKnownFileType = sourcecode.swift; path = TransactionViewModel.swift; sourceTree = "<group>"; };
		C704009020ABE404000B3983 /* Blockchain+Block.swift */ = {isa = PBXFileReference; lastKnownFileType = sourcecode.swift; path = "Blockchain+Block.swift"; sourceTree = "<group>"; };
		C704009220ABEFE7000B3983 /* Block+ViewModel.swift */ = {isa = PBXFileReference; lastKnownFileType = sourcecode.swift; path = "Block+ViewModel.swift"; sourceTree = "<group>"; };
		C704009420ABF430000B3983 /* Blockchain+ViewModel.swift */ = {isa = PBXFileReference; lastKnownFileType = sourcecode.swift; path = "Blockchain+ViewModel.swift"; sourceTree = "<group>"; };
		C75C508920A8F80800014D60 /* NaiveSwiftCoinMacOS.app */ = {isa = PBXFileReference; explicitFileType = wrapper.application; includeInIndex = 0; path = NaiveSwiftCoinMacOS.app; sourceTree = BUILT_PRODUCTS_DIR; };
		C75C508C20A8F80800014D60 /* AppDelegate.swift */ = {isa = PBXFileReference; lastKnownFileType = sourcecode.swift; path = AppDelegate.swift; sourceTree = "<group>"; };
		C75C508E20A8F80800014D60 /* ViewController.swift */ = {isa = PBXFileReference; lastKnownFileType = sourcecode.swift; path = ViewController.swift; sourceTree = "<group>"; };
		C75C509020A8F80900014D60 /* Assets.xcassets */ = {isa = PBXFileReference; lastKnownFileType = folder.assetcatalog; path = Assets.xcassets; sourceTree = "<group>"; };
		C75C509320A8F80900014D60 /* Base */ = {isa = PBXFileReference; lastKnownFileType = file.storyboard; name = Base; path = Base.lproj/Main.storyboard; sourceTree = "<group>"; };
		C75C509520A8F80A00014D60 /* Info.plist */ = {isa = PBXFileReference; lastKnownFileType = text.plist.xml; path = Info.plist; sourceTree = "<group>"; };
		C75C509620A8F80A00014D60 /* NaiveSwiftCoinMacOS.entitlements */ = {isa = PBXFileReference; lastKnownFileType = text.plist.entitlements; path = NaiveSwiftCoinMacOS.entitlements; sourceTree = "<group>"; };
		C75C509B20A8F80A00014D60 /* NaiveSwiftCoinMacOSTests.xctest */ = {isa = PBXFileReference; explicitFileType = wrapper.cfbundle; includeInIndex = 0; path = NaiveSwiftCoinMacOSTests.xctest; sourceTree = BUILT_PRODUCTS_DIR; };
		C75C50A120A8F80A00014D60 /* Info.plist */ = {isa = PBXFileReference; lastKnownFileType = text.plist.xml; path = Info.plist; sourceTree = "<group>"; };
		C75C50DA20A8FA4900014D60 /* P2PMessages.swift */ = {isa = PBXFileReference; fileEncoding = 4; lastKnownFileType = sourcecode.swift; path = P2PMessages.swift; sourceTree = "<group>"; };
		C75C50DB20A8FA4900014D60 /* Bonjour+MCSessionDelegate.swift */ = {isa = PBXFileReference; fileEncoding = 4; lastKnownFileType = sourcecode.swift; path = "Bonjour+MCSessionDelegate.swift"; sourceTree = "<group>"; };
		C75C50DC20A8FA4900014D60 /* Bonjour.swift */ = {isa = PBXFileReference; fileEncoding = 4; lastKnownFileType = sourcecode.swift; path = Bonjour.swift; sourceTree = "<group>"; };
		C75C50DD20A8FA4900014D60 /* Peer.swift */ = {isa = PBXFileReference; fileEncoding = 4; lastKnownFileType = sourcecode.swift; path = Peer.swift; sourceTree = "<group>"; };
		C75C50DF20A8FA4A00014D60 /* TxInput.swift */ = {isa = PBXFileReference; fileEncoding = 4; lastKnownFileType = sourcecode.swift; path = TxInput.swift; sourceTree = "<group>"; };
		C75C50E020A8FA4A00014D60 /* Transaction.swift */ = {isa = PBXFileReference; fileEncoding = 4; lastKnownFileType = sourcecode.swift; path = Transaction.swift; sourceTree = "<group>"; };
		C75C50E120A8FA4A00014D60 /* TxOutput.swift */ = {isa = PBXFileReference; fileEncoding = 4; lastKnownFileType = sourcecode.swift; path = TxOutput.swift; sourceTree = "<group>"; };
		C75C50E320A8FA4A00014D60 /* Account.swift */ = {isa = PBXFileReference; fileEncoding = 4; lastKnownFileType = sourcecode.swift; path = Account.swift; sourceTree = "<group>"; };
		C75C50E420A8FA4A00014D60 /* Wallet.swift */ = {isa = PBXFileReference; fileEncoding = 4; lastKnownFileType = sourcecode.swift; path = Wallet.swift; sourceTree = "<group>"; };
		C75C50E620A8FA4A00014D60 /* Block.swift */ = {isa = PBXFileReference; fileEncoding = 4; lastKnownFileType = sourcecode.swift; path = Block.swift; sourceTree = "<group>"; };
		C75C50E720A8FA4A00014D60 /* Blockchain+Validation.swift */ = {isa = PBXFileReference; fileEncoding = 4; lastKnownFileType = sourcecode.swift; path = "Blockchain+Validation.swift"; sourceTree = "<group>"; };
		C75C50E820A8FA4A00014D60 /* Blockchain.swift */ = {isa = PBXFileReference; fileEncoding = 4; lastKnownFileType = sourcecode.swift; path = Blockchain.swift; sourceTree = "<group>"; };
		C75C50E920A8FA4A00014D60 /* Blockchain+Collection.swift */ = {isa = PBXFileReference; fileEncoding = 4; lastKnownFileType = sourcecode.swift; path = "Blockchain+Collection.swift"; sourceTree = "<group>"; };
		C75C50EB20A8FA4A00014D60 /* SHA256.swift */ = {isa = PBXFileReference; fileEncoding = 4; lastKnownFileType = sourcecode.swift; path = SHA256.swift; sourceTree = "<group>"; };
		C75C50EC20A8FA4A00014D60 /* Key.swift */ = {isa = PBXFileReference; fileEncoding = 4; lastKnownFileType = sourcecode.swift; path = Key.swift; sourceTree = "<group>"; };
		C75C50EE20A8FA4A00014D60 /* Array.swift */ = {isa = PBXFileReference; fileEncoding = 4; lastKnownFileType = sourcecode.swift; path = Array.swift; sourceTree = "<group>"; };
		C75C50EF20A8FA4A00014D60 /* Data.swift */ = {isa = PBXFileReference; fileEncoding = 4; lastKnownFileType = sourcecode.swift; path = Data.swift; sourceTree = "<group>"; };
		C75C50F020A8FA4A00014D60 /* Error.swift */ = {isa = PBXFileReference; fileEncoding = 4; lastKnownFileType = sourcecode.swift; path = Error.swift; sourceTree = "<group>"; };
		C75C50F120A8FA4A00014D60 /* UInt64.swift */ = {isa = PBXFileReference; fileEncoding = 4; lastKnownFileType = sourcecode.swift; path = UInt64.swift; sourceTree = "<group>"; };
		C75C50F220A8FA4A00014D60 /* Typealias.swift */ = {isa = PBXFileReference; fileEncoding = 4; lastKnownFileType = sourcecode.swift; path = Typealias.swift; sourceTree = "<group>"; };
		C75C50F320A8FA4A00014D60 /* String.swift */ = {isa = PBXFileReference; fileEncoding = 4; lastKnownFileType = sourcecode.swift; path = String.swift; sourceTree = "<group>"; };
		C75C50F420A8FA4A00014D60 /* NaiveSwiftCoin-Bridging-Header.h */ = {isa = PBXFileReference; fileEncoding = 4; lastKnownFileType = sourcecode.c.h; path = "NaiveSwiftCoin-Bridging-Header.h"; sourceTree = "<group>"; };
		C75C511120A8FC2B00014D60 /* OutputTests.swift */ = {isa = PBXFileReference; fileEncoding = 4; lastKnownFileType = sourcecode.swift; name = OutputTests.swift; path = "../../../Unit Tests/OutputTests.swift"; sourceTree = "<group>"; };
		C75C511220A8FC2B00014D60 /* BlockTest.swift */ = {isa = PBXFileReference; fileEncoding = 4; lastKnownFileType = sourcecode.swift; name = BlockTest.swift; path = "../../../Unit Tests/BlockTest.swift"; sourceTree = "<group>"; };
		C75C511320A8FC2B00014D60 /* ConvenienceFunctions.swift */ = {isa = PBXFileReference; fileEncoding = 4; lastKnownFileType = sourcecode.swift; name = ConvenienceFunctions.swift; path = "../../../Unit Tests/ConvenienceFunctions.swift"; sourceTree = "<group>"; };
		C75C511420A8FC2B00014D60 /* KeyTests.swift */ = {isa = PBXFileReference; fileEncoding = 4; lastKnownFileType = sourcecode.swift; name = KeyTests.swift; path = "../../../Unit Tests/KeyTests.swift"; sourceTree = "<group>"; };
		C75C511520A8FC2B00014D60 /* InputTests.swift */ = {isa = PBXFileReference; fileEncoding = 4; lastKnownFileType = sourcecode.swift; name = InputTests.swift; path = "../../../Unit Tests/InputTests.swift"; sourceTree = "<group>"; };
		C75C511620A8FC2B00014D60 /* TransactionTests.swift */ = {isa = PBXFileReference; fileEncoding = 4; lastKnownFileType = sourcecode.swift; name = TransactionTests.swift; path = "../../../Unit Tests/TransactionTests.swift"; sourceTree = "<group>"; };
		C75C511720A8FC2B00014D60 /* Sha256Tests.swift */ = {isa = PBXFileReference; fileEncoding = 4; lastKnownFileType = sourcecode.swift; name = Sha256Tests.swift; path = "../../../Unit Tests/Sha256Tests.swift"; sourceTree = "<group>"; };
		C75C511820A8FC2C00014D60 /* BlockchainTest.swift */ = {isa = PBXFileReference; fileEncoding = 4; lastKnownFileType = sourcecode.swift; name = BlockchainTest.swift; path = "../../../Unit Tests/BlockchainTest.swift"; sourceTree = "<group>"; };
		C78FB7DB20A910D3003415F6 /* Blockchain+Utxos.swift */ = {isa = PBXFileReference; lastKnownFileType = sourcecode.swift; path = "Blockchain+Utxos.swift"; sourceTree = "<group>"; };
		C7FB53CE20AA40CA00474E92 /* TxOutput+UnitTests.swift */ = {isa = PBXFileReference; fileEncoding = 4; lastKnownFileType = sourcecode.swift; name = "TxOutput+UnitTests.swift"; path = "../../../Unit Tests/TxOutput+UnitTests.swift"; sourceTree = "<group>"; };
/* End PBXFileReference section */

/* Begin PBXFrameworksBuildPhase section */
		C75C508620A8F80800014D60 /* Frameworks */ = {
			isa = PBXFrameworksBuildPhase;
			buildActionMask = 2147483647;
			files = (
			);
			runOnlyForDeploymentPostprocessing = 0;
		};
		C75C509820A8F80A00014D60 /* Frameworks */ = {
			isa = PBXFrameworksBuildPhase;
			buildActionMask = 2147483647;
			files = (
			);
			runOnlyForDeploymentPostprocessing = 0;
		};
/* End PBXFrameworksBuildPhase section */

/* Begin PBXGroup section */
		C704009620AE0C42000B3983 /* ViewModels */ = {
			isa = PBXGroup;
			children = (
				C704009220ABEFE7000B3983 /* Block+ViewModel.swift */,
				C704009420ABF430000B3983 /* Blockchain+ViewModel.swift */,
				C704008C20ABD21F000B3983 /* Transaction+ViewModel.swift */,
				C704008E20ABE386000B3983 /* TransactionViewModel.swift */,
			);
			path = ViewModels;
			sourceTree = "<group>";
		};
		C75C508020A8F80800014D60 = {
			isa = PBXGroup;
			children = (
				C75C50D820A8FA3100014D60 /* Blockchain */,
				C75C508B20A8F80800014D60 /* NaiveSwiftCoinMacOS */,
				C75C509E20A8F80A00014D60 /* NaiveSwiftCoinMacOSTests */,
				C75C508A20A8F80800014D60 /* Products */,
			);
			sourceTree = "<group>";
		};
		C75C508A20A8F80800014D60 /* Products */ = {
			isa = PBXGroup;
			children = (
				C75C508920A8F80800014D60 /* NaiveSwiftCoinMacOS.app */,
				C75C509B20A8F80A00014D60 /* NaiveSwiftCoinMacOSTests.xctest */,
			);
			name = Products;
			sourceTree = "<group>";
		};
		C75C508B20A8F80800014D60 /* NaiveSwiftCoinMacOS */ = {
			isa = PBXGroup;
			children = (
				C75C508C20A8F80800014D60 /* AppDelegate.swift */,
				C75C508E20A8F80800014D60 /* ViewController.swift */,
				C75C509020A8F80900014D60 /* Assets.xcassets */,
				C75C509220A8F80900014D60 /* Main.storyboard */,
				C75C509520A8F80A00014D60 /* Info.plist */,
				C75C509620A8F80A00014D60 /* NaiveSwiftCoinMacOS.entitlements */,
			);
			path = NaiveSwiftCoinMacOS;
			sourceTree = "<group>";
		};
		C75C509E20A8F80A00014D60 /* NaiveSwiftCoinMacOSTests */ = {
			isa = PBXGroup;
			children = (
				C75C50A120A8F80A00014D60 /* Info.plist */,
				C75C511820A8FC2C00014D60 /* BlockchainTest.swift */,
				C75C511220A8FC2B00014D60 /* BlockTest.swift */,
				C75C511320A8FC2B00014D60 /* ConvenienceFunctions.swift */,
				C75C511520A8FC2B00014D60 /* InputTests.swift */,
				C75C511420A8FC2B00014D60 /* KeyTests.swift */,
				C75C511120A8FC2B00014D60 /* OutputTests.swift */,
				C75C511720A8FC2B00014D60 /* Sha256Tests.swift */,
				C75C511620A8FC2B00014D60 /* TransactionTests.swift */,
				C7FB53CE20AA40CA00474E92 /* TxOutput+UnitTests.swift */,
			);
			path = NaiveSwiftCoinMacOSTests;
			sourceTree = "<group>";
		};
		C75C50D820A8FA3100014D60 /* Blockchain */ = {
			isa = PBXGroup;
			children = (
				C75C50E520A8FA4A00014D60 /* Blockchain */,
				C75C50EA20A8FA4A00014D60 /* Crypto */,
				C75C50D920A8FA4900014D60 /* P2P */,
				C75C50DE20A8FA4A00014D60 /* Transaction */,
				C75C50ED20A8FA4A00014D60 /* Utils */,
				C75C50E220A8FA4A00014D60 /* Wallet */,
				C704009620AE0C42000B3983 /* ViewModels */,
			);
			name = Blockchain;
			sourceTree = "<group>";
		};
		C75C50D920A8FA4900014D60 /* P2P */ = {
			isa = PBXGroup;
			children = (
				C75C50DA20A8FA4900014D60 /* P2PMessages.swift */,
				C75C50DB20A8FA4900014D60 /* Bonjour+MCSessionDelegate.swift */,
				C75C50DC20A8FA4900014D60 /* Bonjour.swift */,
				C75C50DD20A8FA4900014D60 /* Peer.swift */,
			);
			name = P2P;
			path = ../../Source/P2P;
			sourceTree = "<group>";
		};
		C75C50DE20A8FA4A00014D60 /* Transaction */ = {
			isa = PBXGroup;
			children = (
				C75C50E020A8FA4A00014D60 /* Transaction.swift */,
				C75C50DF20A8FA4A00014D60 /* TxInput.swift */,
				C75C50E120A8FA4A00014D60 /* TxOutput.swift */,
			);
			name = Transaction;
			path = ../../Source/Transaction;
			sourceTree = "<group>";
		};
		C75C50E220A8FA4A00014D60 /* Wallet */ = {
			isa = PBXGroup;
			children = (
				C75C50E420A8FA4A00014D60 /* Wallet.swift */,
				C75C50E320A8FA4A00014D60 /* Account.swift */,
			);
			name = Wallet;
			path = ../../Source/Wallet;
			sourceTree = "<group>";
		};
		C75C50E520A8FA4A00014D60 /* Blockchain */ = {
			isa = PBXGroup;
			children = (
				C75C50E620A8FA4A00014D60 /* Block.swift */,
				C75C50E820A8FA4A00014D60 /* Blockchain.swift */,
				C78FB7DB20A910D3003415F6 /* Blockchain+Utxos.swift */,
				C704008A20ABC948000B3983 /* Blockchain+Transactions.swift */,
				C704009020ABE404000B3983 /* Blockchain+Block.swift */,
				C75C50E720A8FA4A00014D60 /* Blockchain+Validation.swift */,
				C75C50E920A8FA4A00014D60 /* Blockchain+Collection.swift */,
			);
			name = Blockchain;
			path = ../../Source/Blockchain;
			sourceTree = "<group>";
		};
		C75C50EA20A8FA4A00014D60 /* Crypto */ = {
			isa = PBXGroup;
			children = (
				C75C50EB20A8FA4A00014D60 /* SHA256.swift */,
				C75C50EC20A8FA4A00014D60 /* Key.swift */,
			);
			name = Crypto;
			path = ../../Source/Crypto;
			sourceTree = "<group>";
		};
		C75C50ED20A8FA4A00014D60 /* Utils */ = {
			isa = PBXGroup;
			children = (
				C75C50EE20A8FA4A00014D60 /* Array.swift */,
				C75C50EF20A8FA4A00014D60 /* Data.swift */,
				C75C50F020A8FA4A00014D60 /* Error.swift */,
				C75C50F120A8FA4A00014D60 /* UInt64.swift */,
				C75C50F220A8FA4A00014D60 /* Typealias.swift */,
				C75C50F320A8FA4A00014D60 /* String.swift */,
				C75C50F420A8FA4A00014D60 /* NaiveSwiftCoin-Bridging-Header.h */,
			);
			name = Utils;
			path = ../../Source/Utils;
			sourceTree = "<group>";
		};
/* End PBXGroup section */

/* Begin PBXNativeTarget section */
		C75C508820A8F80800014D60 /* NaiveSwiftCoinMacOS */ = {
			isa = PBXNativeTarget;
			buildConfigurationList = C75C50A420A8F80A00014D60 /* Build configuration list for PBXNativeTarget "NaiveSwiftCoinMacOS" */;
			buildPhases = (
				C75C508520A8F80800014D60 /* Sources */,
				C75C508620A8F80800014D60 /* Frameworks */,
				C75C508720A8F80800014D60 /* Resources */,
			);
			buildRules = (
			);
			dependencies = (
			);
			name = NaiveSwiftCoinMacOS;
			productName = NaiveSwiftCoinMacOS;
			productReference = C75C508920A8F80800014D60 /* NaiveSwiftCoinMacOS.app */;
			productType = "com.apple.product-type.application";
		};
		C75C509A20A8F80A00014D60 /* NaiveSwiftCoinMacOSTests */ = {
			isa = PBXNativeTarget;
			buildConfigurationList = C75C50A720A8F80A00014D60 /* Build configuration list for PBXNativeTarget "NaiveSwiftCoinMacOSTests" */;
			buildPhases = (
				C75C509720A8F80A00014D60 /* Sources */,
				C75C509820A8F80A00014D60 /* Frameworks */,
				C75C509920A8F80A00014D60 /* Resources */,
			);
			buildRules = (
			);
			dependencies = (
				C75C509D20A8F80A00014D60 /* PBXTargetDependency */,
			);
			name = NaiveSwiftCoinMacOSTests;
			productName = NaiveSwiftCoinMacOSTests;
			productReference = C75C509B20A8F80A00014D60 /* NaiveSwiftCoinMacOSTests.xctest */;
			productType = "com.apple.product-type.bundle.unit-test";
		};
/* End PBXNativeTarget section */

/* Begin PBXProject section */
		C75C508120A8F80800014D60 /* Project object */ = {
			isa = PBXProject;
			attributes = {
				LastSwiftUpdateCheck = 0930;
				LastUpgradeCheck = 0930;
				ORGANIZATIONNAME = "A Puzzle A Day";
				TargetAttributes = {
					C75C508820A8F80800014D60 = {
						CreatedOnToolsVersion = 9.3;
						LastSwiftMigration = 0930;
						SystemCapabilities = {
							com.apple.Keychain = {
								enabled = 1;
							};
						};
					};
					C75C509A20A8F80A00014D60 = {
						CreatedOnToolsVersion = 9.3;
						LastSwiftMigration = 0930;
						TestTargetID = C75C508820A8F80800014D60;
					};
				};
			};
			buildConfigurationList = C75C508420A8F80800014D60 /* Build configuration list for PBXProject "NaiveSwiftCoinMacOS" */;
			compatibilityVersion = "Xcode 9.3";
			developmentRegion = en;
			hasScannedForEncodings = 0;
			knownRegions = (
				en,
				Base,
			);
			mainGroup = C75C508020A8F80800014D60;
			productRefGroup = C75C508A20A8F80800014D60 /* Products */;
			projectDirPath = "";
			projectRoot = "";
			targets = (
				C75C508820A8F80800014D60 /* NaiveSwiftCoinMacOS */,
				C75C509A20A8F80A00014D60 /* NaiveSwiftCoinMacOSTests */,
			);
		};
/* End PBXProject section */

/* Begin PBXResourcesBuildPhase section */
		C75C508720A8F80800014D60 /* Resources */ = {
			isa = PBXResourcesBuildPhase;
			buildActionMask = 2147483647;
			files = (
				C75C509120A8F80900014D60 /* Assets.xcassets in Resources */,
				C75C509420A8F80900014D60 /* Main.storyboard in Resources */,
			);
			runOnlyForDeploymentPostprocessing = 0;
		};
		C75C509920A8F80A00014D60 /* Resources */ = {
			isa = PBXResourcesBuildPhase;
			buildActionMask = 2147483647;
			files = (
			);
			runOnlyForDeploymentPostprocessing = 0;
		};
/* End PBXResourcesBuildPhase section */

/* Begin PBXSourcesBuildPhase section */
		C75C508520A8F80800014D60 /* Sources */ = {
			isa = PBXSourcesBuildPhase;
			buildActionMask = 2147483647;
			files = (
				C75C510220A8FA4A00014D60 /* SHA256.swift in Sources */,
				C75C508F20A8F80800014D60 /* ViewController.swift in Sources */,
				C75C510920A8FA4A00014D60 /* String.swift in Sources */,
				C75C50F720A8FA4A00014D60 /* Bonjour.swift in Sources */,
				C75C50FB20A8FA4A00014D60 /* TxOutput.swift in Sources */,
				C75C50FD20A8FA4A00014D60 /* Wallet.swift in Sources */,
				C75C50FA20A8FA4A00014D60 /* Transaction.swift in Sources */,
				C75C50F520A8FA4A00014D60 /* P2PMessages.swift in Sources */,
				C75C50FC20A8FA4A00014D60 /* Account.swift in Sources */,
				C75C510620A8FA4A00014D60 /* Error.swift in Sources */,
				C75C510720A8FA4A00014D60 /* UInt64.swift in Sources */,
				C75C510320A8FA4A00014D60 /* Key.swift in Sources */,
				C704009120ABE404000B3983 /* Blockchain+Block.swift in Sources */,
				C75C510420A8FA4A00014D60 /* Array.swift in Sources */,
				C78FB7DC20A910D3003415F6 /* Blockchain+Utxos.swift in Sources */,
				C75C510820A8FA4A00014D60 /* Typealias.swift in Sources */,
				C75C510120A8FA4A00014D60 /* Blockchain+Collection.swift in Sources */,
				C75C50F820A8FA4A00014D60 /* Peer.swift in Sources */,
				C75C508D20A8F80800014D60 /* AppDelegate.swift in Sources */,
				C704008B20ABC948000B3983 /* Blockchain+Transactions.swift in Sources */,
				C75C50FE20A8FA4A00014D60 /* Block.swift in Sources */,
				C75C50F920A8FA4A00014D60 /* TxInput.swift in Sources */,
				C75C50F620A8FA4A00014D60 /* Bonjour+MCSessionDelegate.swift in Sources */,
				C75C510520A8FA4A00014D60 /* Data.swift in Sources */,
				C75C50FF20A8FA4A00014D60 /* Blockchain+Validation.swift in Sources */,
				C75C510020A8FA4A00014D60 /* Blockchain.swift in Sources */,
			);
			runOnlyForDeploymentPostprocessing = 0;
		};
		C75C509720A8F80A00014D60 /* Sources */ = {
			isa = PBXSourcesBuildPhase;
			buildActionMask = 2147483647;
			files = (
				C7FB53CF20AA40CA00474E92 /* TxOutput+UnitTests.swift in Sources */,
				C75C511D20A8FC2C00014D60 /* InputTests.swift in Sources */,
				C75C511B20A8FC2C00014D60 /* ConvenienceFunctions.swift in Sources */,
				C75C511C20A8FC2C00014D60 /* KeyTests.swift in Sources */,
				C75C511920A8FC2C00014D60 /* OutputTests.swift in Sources */,
				C75C511F20A8FC2C00014D60 /* Sha256Tests.swift in Sources */,
				C75C512020A8FC2C00014D60 /* BlockchainTest.swift in Sources */,
				C75C511E20A8FC2C00014D60 /* TransactionTests.swift in Sources */,
				C75C511A20A8FC2C00014D60 /* BlockTest.swift in Sources */,
			);
			runOnlyForDeploymentPostprocessing = 0;
		};
/* End PBXSourcesBuildPhase section */

/* Begin PBXTargetDependency section */
		C75C509D20A8F80A00014D60 /* PBXTargetDependency */ = {
			isa = PBXTargetDependency;
			target = C75C508820A8F80800014D60 /* NaiveSwiftCoinMacOS */;
			targetProxy = C75C509C20A8F80A00014D60 /* PBXContainerItemProxy */;
		};
/* End PBXTargetDependency section */

/* Begin PBXVariantGroup section */
		C75C509220A8F80900014D60 /* Main.storyboard */ = {
			isa = PBXVariantGroup;
			children = (
				C75C509320A8F80900014D60 /* Base */,
			);
			name = Main.storyboard;
			sourceTree = "<group>";
		};
/* End PBXVariantGroup section */

/* Begin XCBuildConfiguration section */
		C75C50A220A8F80A00014D60 /* Debug */ = {
			isa = XCBuildConfiguration;
			buildSettings = {
				ALWAYS_SEARCH_USER_PATHS = NO;
				CLANG_ANALYZER_NONNULL = YES;
				CLANG_ANALYZER_NUMBER_OBJECT_CONVERSION = YES_AGGRESSIVE;
				CLANG_CXX_LANGUAGE_STANDARD = "gnu++14";
				CLANG_CXX_LIBRARY = "libc++";
				CLANG_ENABLE_MODULES = YES;
				CLANG_ENABLE_OBJC_ARC = YES;
				CLANG_ENABLE_OBJC_WEAK = YES;
				CLANG_WARN_BLOCK_CAPTURE_AUTORELEASING = YES;
				CLANG_WARN_BOOL_CONVERSION = YES;
				CLANG_WARN_COMMA = YES;
				CLANG_WARN_CONSTANT_CONVERSION = YES;
				CLANG_WARN_DEPRECATED_OBJC_IMPLEMENTATIONS = YES;
				CLANG_WARN_DIRECT_OBJC_ISA_USAGE = YES_ERROR;
				CLANG_WARN_DOCUMENTATION_COMMENTS = YES;
				CLANG_WARN_EMPTY_BODY = YES;
				CLANG_WARN_ENUM_CONVERSION = YES;
				CLANG_WARN_INFINITE_RECURSION = YES;
				CLANG_WARN_INT_CONVERSION = YES;
				CLANG_WARN_NON_LITERAL_NULL_CONVERSION = YES;
				CLANG_WARN_OBJC_IMPLICIT_RETAIN_SELF = YES;
				CLANG_WARN_OBJC_LITERAL_CONVERSION = YES;
				CLANG_WARN_OBJC_ROOT_CLASS = YES_ERROR;
				CLANG_WARN_RANGE_LOOP_ANALYSIS = YES;
				CLANG_WARN_STRICT_PROTOTYPES = YES;
				CLANG_WARN_SUSPICIOUS_MOVE = YES;
				CLANG_WARN_UNGUARDED_AVAILABILITY = YES_AGGRESSIVE;
				CLANG_WARN_UNREACHABLE_CODE = YES;
				CLANG_WARN__DUPLICATE_METHOD_MATCH = YES;
				CODE_SIGN_IDENTITY = "Mac Developer";
				COPY_PHASE_STRIP = NO;
				DEBUG_INFORMATION_FORMAT = dwarf;
				ENABLE_STRICT_OBJC_MSGSEND = YES;
				ENABLE_TESTABILITY = YES;
				GCC_C_LANGUAGE_STANDARD = gnu11;
				GCC_DYNAMIC_NO_PIC = NO;
				GCC_NO_COMMON_BLOCKS = YES;
				GCC_OPTIMIZATION_LEVEL = 0;
				GCC_PREPROCESSOR_DEFINITIONS = (
					"DEBUG=1",
					"$(inherited)",
				);
				GCC_WARN_64_TO_32_BIT_CONVERSION = YES;
				GCC_WARN_ABOUT_RETURN_TYPE = YES_ERROR;
				GCC_WARN_UNDECLARED_SELECTOR = YES;
				GCC_WARN_UNINITIALIZED_AUTOS = YES_AGGRESSIVE;
				GCC_WARN_UNUSED_FUNCTION = YES;
				GCC_WARN_UNUSED_VARIABLE = YES;
				MACOSX_DEPLOYMENT_TARGET = 10.13;
				MTL_ENABLE_DEBUG_INFO = YES;
				ONLY_ACTIVE_ARCH = YES;
				SDKROOT = macosx;
				SWIFT_ACTIVE_COMPILATION_CONDITIONS = DEBUG;
				SWIFT_OPTIMIZATION_LEVEL = "-Onone";
			};
			name = Debug;
		};
		C75C50A320A8F80A00014D60 /* Release */ = {
			isa = XCBuildConfiguration;
			buildSettings = {
				ALWAYS_SEARCH_USER_PATHS = NO;
				CLANG_ANALYZER_NONNULL = YES;
				CLANG_ANALYZER_NUMBER_OBJECT_CONVERSION = YES_AGGRESSIVE;
				CLANG_CXX_LANGUAGE_STANDARD = "gnu++14";
				CLANG_CXX_LIBRARY = "libc++";
				CLANG_ENABLE_MODULES = YES;
				CLANG_ENABLE_OBJC_ARC = YES;
				CLANG_ENABLE_OBJC_WEAK = YES;
				CLANG_WARN_BLOCK_CAPTURE_AUTORELEASING = YES;
				CLANG_WARN_BOOL_CONVERSION = YES;
				CLANG_WARN_COMMA = YES;
				CLANG_WARN_CONSTANT_CONVERSION = YES;
				CLANG_WARN_DEPRECATED_OBJC_IMPLEMENTATIONS = YES;
				CLANG_WARN_DIRECT_OBJC_ISA_USAGE = YES_ERROR;
				CLANG_WARN_DOCUMENTATION_COMMENTS = YES;
				CLANG_WARN_EMPTY_BODY = YES;
				CLANG_WARN_ENUM_CONVERSION = YES;
				CLANG_WARN_INFINITE_RECURSION = YES;
				CLANG_WARN_INT_CONVERSION = YES;
				CLANG_WARN_NON_LITERAL_NULL_CONVERSION = YES;
				CLANG_WARN_OBJC_IMPLICIT_RETAIN_SELF = YES;
				CLANG_WARN_OBJC_LITERAL_CONVERSION = YES;
				CLANG_WARN_OBJC_ROOT_CLASS = YES_ERROR;
				CLANG_WARN_RANGE_LOOP_ANALYSIS = YES;
				CLANG_WARN_STRICT_PROTOTYPES = YES;
				CLANG_WARN_SUSPICIOUS_MOVE = YES;
				CLANG_WARN_UNGUARDED_AVAILABILITY = YES_AGGRESSIVE;
				CLANG_WARN_UNREACHABLE_CODE = YES;
				CLANG_WARN__DUPLICATE_METHOD_MATCH = YES;
				CODE_SIGN_IDENTITY = "Mac Developer";
				COPY_PHASE_STRIP = NO;
				DEBUG_INFORMATION_FORMAT = "dwarf-with-dsym";
				ENABLE_NS_ASSERTIONS = NO;
				ENABLE_STRICT_OBJC_MSGSEND = YES;
				GCC_C_LANGUAGE_STANDARD = gnu11;
				GCC_NO_COMMON_BLOCKS = YES;
				GCC_WARN_64_TO_32_BIT_CONVERSION = YES;
				GCC_WARN_ABOUT_RETURN_TYPE = YES_ERROR;
				GCC_WARN_UNDECLARED_SELECTOR = YES;
				GCC_WARN_UNINITIALIZED_AUTOS = YES_AGGRESSIVE;
				GCC_WARN_UNUSED_FUNCTION = YES;
				GCC_WARN_UNUSED_VARIABLE = YES;
				MACOSX_DEPLOYMENT_TARGET = 10.13;
				MTL_ENABLE_DEBUG_INFO = NO;
				SDKROOT = macosx;
				SWIFT_COMPILATION_MODE = wholemodule;
				SWIFT_OPTIMIZATION_LEVEL = "-O";
			};
			name = Release;
		};
		C75C50A520A8F80A00014D60 /* Debug */ = {
			isa = XCBuildConfiguration;
			buildSettings = {
				ASSETCATALOG_COMPILER_APPICON_NAME = AppIcon;
				CLANG_ENABLE_MODULES = YES;
				CODE_SIGN_ENTITLEMENTS = NaiveSwiftCoinMacOS/NaiveSwiftCoinMacOS.entitlements;
				CODE_SIGN_STYLE = Automatic;
				COMBINE_HIDPI_IMAGES = YES;
				DEVELOPMENT_TEAM = QS2K96ZEMY;
				INFOPLIST_FILE = NaiveSwiftCoinMacOS/Info.plist;
				LD_RUNPATH_SEARCH_PATHS = (
					"$(inherited)",
					"@executable_path/../Frameworks",
				);
				PRODUCT_BUNDLE_IDENTIFIER = co.apuzzleaday.NaiveSwiftCoinMacOS;
				PRODUCT_NAME = "$(TARGET_NAME)";
				SWIFT_OBJC_BRIDGING_HEADER = "../../Source/Utils/NaiveSwiftCoin-Bridging-Header.h";
				SWIFT_OPTIMIZATION_LEVEL = "-Onone";
				SWIFT_VERSION = 4.0;
			};
			name = Debug;
		};
		C75C50A620A8F80A00014D60 /* Release */ = {
			isa = XCBuildConfiguration;
			buildSettings = {
				ASSETCATALOG_COMPILER_APPICON_NAME = AppIcon;
				CLANG_ENABLE_MODULES = YES;
				CODE_SIGN_ENTITLEMENTS = NaiveSwiftCoinMacOS/NaiveSwiftCoinMacOS.entitlements;
				CODE_SIGN_STYLE = Automatic;
				COMBINE_HIDPI_IMAGES = YES;
				DEVELOPMENT_TEAM = QS2K96ZEMY;
				INFOPLIST_FILE = NaiveSwiftCoinMacOS/Info.plist;
				LD_RUNPATH_SEARCH_PATHS = (
					"$(inherited)",
					"@executable_path/../Frameworks",
				);
				PRODUCT_BUNDLE_IDENTIFIER = co.apuzzleaday.NaiveSwiftCoinMacOS;
				PRODUCT_NAME = "$(TARGET_NAME)";
				SWIFT_OBJC_BRIDGING_HEADER = "../../Source/Utils/NaiveSwiftCoin-Bridging-Header.h";
				SWIFT_VERSION = 4.0;
			};
			name = Release;
		};
		C75C50A820A8F80A00014D60 /* Debug */ = {
			isa = XCBuildConfiguration;
			buildSettings = {
				ALWAYS_EMBED_SWIFT_STANDARD_LIBRARIES = YES;
				BUNDLE_LOADER = "$(TEST_HOST)";
				CLANG_ENABLE_MODULES = YES;
				CODE_SIGN_STYLE = Automatic;
				COMBINE_HIDPI_IMAGES = YES;
				DEVELOPMENT_TEAM = QS2K96ZEMY;
				INFOPLIST_FILE = NaiveSwiftCoinMacOSTests/Info.plist;
				LD_RUNPATH_SEARCH_PATHS = (
					"$(inherited)",
					"@executable_path/../Frameworks",
					"@loader_path/../Frameworks",
				);
				PRODUCT_BUNDLE_IDENTIFIER = co.apuzzleaday.NaiveSwiftCoinMacOSTests;
				PRODUCT_NAME = "$(TARGET_NAME)";
				SWIFT_OPTIMIZATION_LEVEL = "-Onone";
				SWIFT_VERSION = 4.0;
				TEST_HOST = "$(BUILT_PRODUCTS_DIR)/NaiveSwiftCoinMacOS.app/Contents/MacOS/NaiveSwiftCoinMacOS";
			};
			name = Debug;
		};
		C75C50A920A8F80A00014D60 /* Release */ = {
			isa = XCBuildConfiguration;
			buildSettings = {
				ALWAYS_EMBED_SWIFT_STANDARD_LIBRARIES = YES;
				BUNDLE_LOADER = "$(TEST_HOST)";
				CLANG_ENABLE_MODULES = YES;
				CODE_SIGN_STYLE = Automatic;
				COMBINE_HIDPI_IMAGES = YES;
				DEVELOPMENT_TEAM = QS2K96ZEMY;
				INFOPLIST_FILE = NaiveSwiftCoinMacOSTests/Info.plist;
				LD_RUNPATH_SEARCH_PATHS = (
					"$(inherited)",
					"@executable_path/../Frameworks",
					"@loader_path/../Frameworks",
				);
				PRODUCT_BUNDLE_IDENTIFIER = co.apuzzleaday.NaiveSwiftCoinMacOSTests;
				PRODUCT_NAME = "$(TARGET_NAME)";
				SWIFT_VERSION = 4.0;
				TEST_HOST = "$(BUILT_PRODUCTS_DIR)/NaiveSwiftCoinMacOS.app/Contents/MacOS/NaiveSwiftCoinMacOS";
			};
			name = Release;
		};
/* End XCBuildConfiguration section */

/* Begin XCConfigurationList section */
		C75C508420A8F80800014D60 /* Build configuration list for PBXProject "NaiveSwiftCoinMacOS" */ = {
			isa = XCConfigurationList;
			buildConfigurations = (
				C75C50A220A8F80A00014D60 /* Debug */,
				C75C50A320A8F80A00014D60 /* Release */,
			);
			defaultConfigurationIsVisible = 0;
			defaultConfigurationName = Release;
		};
		C75C50A420A8F80A00014D60 /* Build configuration list for PBXNativeTarget "NaiveSwiftCoinMacOS" */ = {
			isa = XCConfigurationList;
			buildConfigurations = (
				C75C50A520A8F80A00014D60 /* Debug */,
				C75C50A620A8F80A00014D60 /* Release */,
			);
			defaultConfigurationIsVisible = 0;
			defaultConfigurationName = Release;
		};
		C75C50A720A8F80A00014D60 /* Build configuration list for PBXNativeTarget "NaiveSwiftCoinMacOSTests" */ = {
			isa = XCConfigurationList;
			buildConfigurations = (
				C75C50A820A8F80A00014D60 /* Debug */,
				C75C50A920A8F80A00014D60 /* Release */,
			);
			defaultConfigurationIsVisible = 0;
			defaultConfigurationName = Release;
		};
/* End XCConfigurationList section */
	};
	rootObject = C75C508120A8F80800014D60 /* Project object */;
}
